// !$*UTF8*$!
{
	archiveVersion = 1;
	classes = {
	};
	objectVersion = 56;
	objects = {

/* Begin PBXBuildFile section */
		8E529D222A18656000AD5E8C /* MosquitoNetworkService.swift in Sources */ = {isa = PBXBuildFile; fileRef = 8E529D212A18656000AD5E8C /* MosquitoNetworkService.swift */; };
		8E529D242A18688000AD5E8C /* MainViewStore.swift in Sources */ = {isa = PBXBuildFile; fileRef = 8E529D232A18688000AD5E8C /* MainViewStore.swift */; };
		8E529D2E2A19D7FD00AD5E8C /* SwiftyJSON in Frameworks */ = {isa = PBXBuildFile; productRef = 8E529D2D2A19D7FD00AD5E8C /* SwiftyJSON */; };
		8E529D302A19DD1300AD5E8C /* LocalData.swift in Sources */ = {isa = PBXBuildFile; fileRef = 8E529D2F2A19DD1300AD5E8C /* LocalData.swift */; };
		8E529D322A19E0C400AD5E8C /* ForecastLocal.swift in Sources */ = {isa = PBXBuildFile; fileRef = 8E529D312A19E0C400AD5E8C /* ForecastLocal.swift */; };
		8E529D342A1A4F8600AD5E8C /* MosquitoForecast.swift in Sources */ = {isa = PBXBuildFile; fileRef = 8E529D332A1A4F8600AD5E8C /* MosquitoForecast.swift */; };
		8EAD17042A14CFCC00E0C812 /* MogisiroApp.swift in Sources */ = {isa = PBXBuildFile; fileRef = 8EAD17032A14CFCC00E0C812 /* MogisiroApp.swift */; };
		8EAD17062A14CFCC00E0C812 /* ContentView.swift in Sources */ = {isa = PBXBuildFile; fileRef = 8EAD17052A14CFCC00E0C812 /* ContentView.swift */; };
		8EAD17082A14CFCD00E0C812 /* Assets.xcassets in Resources */ = {isa = PBXBuildFile; fileRef = 8EAD17072A14CFCD00E0C812 /* Assets.xcassets */; };
		8EAD170B2A14CFCD00E0C812 /* Preview Assets.xcassets in Resources */ = {isa = PBXBuildFile; fileRef = 8EAD170A2A14CFCD00E0C812 /* Preview Assets.xcassets */; };
		8EAD17122A14D9AD00E0C812 /* MosquitoAPI.swift in Sources */ = {isa = PBXBuildFile; fileRef = 8EAD17112A14D9AD00E0C812 /* MosquitoAPI.swift */; };
		8EAD17152A14D9E700E0C812 /* CombineMoya in Frameworks */ = {isa = PBXBuildFile; productRef = 8EAD17142A14D9E700E0C812 /* CombineMoya */; };
		8EAD17172A14D9E700E0C812 /* Moya in Frameworks */ = {isa = PBXBuildFile; productRef = 8EAD17162A14D9E700E0C812 /* Moya */; };
		8EB99B212A1A845C0032C02E /* forecast_local.json in Resources */ = {isa = PBXBuildFile; fileRef = 8E529D262A19C27B00AD5E8C /* forecast_local.json */; };
		8EB99B222A1A845C0032C02E /* tips_local.json in Resources */ = {isa = PBXBuildFile; fileRef = 8E529D2B2A19CC4400AD5E8C /* tips_local.json */; };
		8EB99B242A1B08740032C02E /* TipLocal.swift in Sources */ = {isa = PBXBuildFile; fileRef = 8EB99B232A1B08740032C02E /* TipLocal.swift */; };
/* End PBXBuildFile section */

/* Begin PBXFileReference section */
		8E529D212A18656000AD5E8C /* MosquitoNetworkService.swift */ = {isa = PBXFileReference; lastKnownFileType = sourcecode.swift; path = MosquitoNetworkService.swift; sourceTree = "<group>"; };
		8E529D232A18688000AD5E8C /* MainViewStore.swift */ = {isa = PBXFileReference; lastKnownFileType = sourcecode.swift; path = MainViewStore.swift; sourceTree = "<group>"; };
		8E529D262A19C27B00AD5E8C /* forecast_local.json */ = {isa = PBXFileReference; lastKnownFileType = text.json; path = forecast_local.json; sourceTree = "<group>"; };
		8E529D2B2A19CC4400AD5E8C /* tips_local.json */ = {isa = PBXFileReference; lastKnownFileType = text.json; path = tips_local.json; sourceTree = "<group>"; };
		8E529D2F2A19DD1300AD5E8C /* LocalData.swift */ = {isa = PBXFileReference; lastKnownFileType = sourcecode.swift; path = LocalData.swift; sourceTree = "<group>"; };
		8E529D312A19E0C400AD5E8C /* ForecastLocal.swift */ = {isa = PBXFileReference; lastKnownFileType = sourcecode.swift; path = ForecastLocal.swift; sourceTree = "<group>"; };
		8E529D332A1A4F8600AD5E8C /* MosquitoForecast.swift */ = {isa = PBXFileReference; lastKnownFileType = sourcecode.swift; path = MosquitoForecast.swift; sourceTree = "<group>"; };
		8EAD17002A14CFCC00E0C812 /* Mogisiro.app */ = {isa = PBXFileReference; explicitFileType = wrapper.application; includeInIndex = 0; path = Mogisiro.app; sourceTree = BUILT_PRODUCTS_DIR; };
		8EAD17032A14CFCC00E0C812 /* MogisiroApp.swift */ = {isa = PBXFileReference; lastKnownFileType = sourcecode.swift; path = MogisiroApp.swift; sourceTree = "<group>"; };
		8EAD17052A14CFCC00E0C812 /* ContentView.swift */ = {isa = PBXFileReference; lastKnownFileType = sourcecode.swift; path = ContentView.swift; sourceTree = "<group>"; };
		8EAD17072A14CFCD00E0C812 /* Assets.xcassets */ = {isa = PBXFileReference; lastKnownFileType = folder.assetcatalog; path = Assets.xcassets; sourceTree = "<group>"; };
		8EAD170A2A14CFCD00E0C812 /* Preview Assets.xcassets */ = {isa = PBXFileReference; lastKnownFileType = folder.assetcatalog; path = "Preview Assets.xcassets"; sourceTree = "<group>"; };
		8EAD17112A14D9AD00E0C812 /* MosquitoAPI.swift */ = {isa = PBXFileReference; lastKnownFileType = sourcecode.swift; path = MosquitoAPI.swift; sourceTree = "<group>"; };
		8EAD171C2A14F08800E0C812 /* Info.plist */ = {isa = PBXFileReference; lastKnownFileType = text.plist; path = Info.plist; sourceTree = "<group>"; };
		8EB99B232A1B08740032C02E /* TipLocal.swift */ = {isa = PBXFileReference; lastKnownFileType = sourcecode.swift; path = TipLocal.swift; sourceTree = "<group>"; };
/* End PBXFileReference section */

/* Begin PBXFrameworksBuildPhase section */
		8EAD16FD2A14CFCC00E0C812 /* Frameworks */ = {
			isa = PBXFrameworksBuildPhase;
			buildActionMask = 2147483647;
			files = (
				8E529D2E2A19D7FD00AD5E8C /* SwiftyJSON in Frameworks */,
				8EAD17172A14D9E700E0C812 /* Moya in Frameworks */,
				8EAD17152A14D9E700E0C812 /* CombineMoya in Frameworks */,
			);
			runOnlyForDeploymentPostprocessing = 0;
		};
/* End PBXFrameworksBuildPhase section */

/* Begin PBXGroup section */
		8E529D252A19C20600AD5E8C /* LocalData */ = {
			isa = PBXGroup;
			children = (
				8E529D2F2A19DD1300AD5E8C /* LocalData.swift */,
				8E529D262A19C27B00AD5E8C /* forecast_local.json */,
				8E529D2B2A19CC4400AD5E8C /* tips_local.json */,
			);
			path = LocalData;
			sourceTree = "<group>";
		};
		8E529D2A2A19C5FF00AD5E8C /* Model */ = {
			isa = PBXGroup;
			children = (
				8E529D312A19E0C400AD5E8C /* ForecastLocal.swift */,
				8EB99B232A1B08740032C02E /* TipLocal.swift */,
				8E529D332A1A4F8600AD5E8C /* MosquitoForecast.swift */,
			);
			path = Model;
			sourceTree = "<group>";
		};
		8EAD16F72A14CFCC00E0C812 = {
			isa = PBXGroup;
			children = (
				8EAD17022A14CFCC00E0C812 /* Mogisiro */,
				8EAD17012A14CFCC00E0C812 /* Products */,
			);
			sourceTree = "<group>";
		};
		8EAD17012A14CFCC00E0C812 /* Products */ = {
			isa = PBXGroup;
			children = (
				8EAD17002A14CFCC00E0C812 /* Mogisiro.app */,
			);
			name = Products;
			sourceTree = "<group>";
		};
		8EAD17022A14CFCC00E0C812 /* Mogisiro */ = {
			isa = PBXGroup;
			children = (
				8EAD171C2A14F08800E0C812 /* Info.plist */,
				8EAD17032A14CFCC00E0C812 /* MogisiroApp.swift */,
				8E529D2A2A19C5FF00AD5E8C /* Model */,
				8EAD171A2A14EBFB00E0C812 /* Network */,
				8EAD171B2A14EC0400E0C812 /* View */,
				8EAD17072A14CFCD00E0C812 /* Assets.xcassets */,
				8EAD17092A14CFCD00E0C812 /* Preview Content */,
			);
			path = Mogisiro;
			sourceTree = "<group>";
		};
		8EAD17092A14CFCD00E0C812 /* Preview Content */ = {
			isa = PBXGroup;
			children = (
				8EAD170A2A14CFCD00E0C812 /* Preview Assets.xcassets */,
			);
			path = "Preview Content";
			sourceTree = "<group>";
		};
		8EAD171A2A14EBFB00E0C812 /* Network */ = {
			isa = PBXGroup;
			children = (
				8EAD17112A14D9AD00E0C812 /* MosquitoAPI.swift */,
				8E529D212A18656000AD5E8C /* MosquitoNetworkService.swift */,
				8E529D252A19C20600AD5E8C /* LocalData */,
			);
			path = Network;
			sourceTree = "<group>";
		};
		8EAD171B2A14EC0400E0C812 /* View */ = {
			isa = PBXGroup;
			children = (
				8EAD17052A14CFCC00E0C812 /* ContentView.swift */,
				8E529D232A18688000AD5E8C /* MainViewStore.swift */,
			);
			path = View;
			sourceTree = "<group>";
		};
/* End PBXGroup section */

/* Begin PBXNativeTarget section */
		8EAD16FF2A14CFCC00E0C812 /* Mogisiro */ = {
			isa = PBXNativeTarget;
			buildConfigurationList = 8EAD170E2A14CFCD00E0C812 /* Build configuration list for PBXNativeTarget "Mogisiro" */;
			buildPhases = (
				8EAD16FC2A14CFCC00E0C812 /* Sources */,
				8EAD16FD2A14CFCC00E0C812 /* Frameworks */,
				8EAD16FE2A14CFCC00E0C812 /* Resources */,
			);
			buildRules = (
			);
			dependencies = (
			);
			name = Mogisiro;
			packageProductDependencies = (
				8EAD17142A14D9E700E0C812 /* CombineMoya */,
				8EAD17162A14D9E700E0C812 /* Moya */,
				8E529D2D2A19D7FD00AD5E8C /* SwiftyJSON */,
			);
			productName = Mogisiro;
			productReference = 8EAD17002A14CFCC00E0C812 /* Mogisiro.app */;
			productType = "com.apple.product-type.application";
		};
/* End PBXNativeTarget section */

/* Begin PBXProject section */
		8EAD16F82A14CFCC00E0C812 /* Project object */ = {
			isa = PBXProject;
			attributes = {
				BuildIndependentTargetsInParallel = 1;
				LastSwiftUpdateCheck = 1430;
				LastUpgradeCheck = 1430;
				TargetAttributes = {
					8EAD16FF2A14CFCC00E0C812 = {
						CreatedOnToolsVersion = 14.3;
					};
				};
			};
			buildConfigurationList = 8EAD16FB2A14CFCC00E0C812 /* Build configuration list for PBXProject "Mogisiro" */;
			compatibilityVersion = "Xcode 14.0";
			developmentRegion = en;
			hasScannedForEncodings = 0;
			knownRegions = (
				en,
				Base,
			);
			mainGroup = 8EAD16F72A14CFCC00E0C812;
			packageReferences = (
				8EAD17132A14D9E700E0C812 /* XCRemoteSwiftPackageReference "Moya" */,
				8E529D2C2A19D7FD00AD5E8C /* XCRemoteSwiftPackageReference "SwiftyJSON" */,
			);
			productRefGroup = 8EAD17012A14CFCC00E0C812 /* Products */;
			projectDirPath = "";
			projectRoot = "";
			targets = (
				8EAD16FF2A14CFCC00E0C812 /* Mogisiro */,
			);
		};
/* End PBXProject section */

/* Begin PBXResourcesBuildPhase section */
		8EAD16FE2A14CFCC00E0C812 /* Resources */ = {
			isa = PBXResourcesBuildPhase;
			buildActionMask = 2147483647;
			files = (
				8EB99B212A1A845C0032C02E /* forecast_local.json in Resources */,
				8EAD170B2A14CFCD00E0C812 /* Preview Assets.xcassets in Resources */,
				8EAD17082A14CFCD00E0C812 /* Assets.xcassets in Resources */,
				8EB99B222A1A845C0032C02E /* tips_local.json in Resources */,
			);
			runOnlyForDeploymentPostprocessing = 0;
		};
/* End PBXResourcesBuildPhase section */

/* Begin PBXSourcesBuildPhase section */
		8EAD16FC2A14CFCC00E0C812 /* Sources */ = {
			isa = PBXSourcesBuildPhase;
			buildActionMask = 2147483647;
			files = (
				8E529D222A18656000AD5E8C /* MosquitoNetworkService.swift in Sources */,
				8EAD17062A14CFCC00E0C812 /* ContentView.swift in Sources */,
				8EAD17042A14CFCC00E0C812 /* MogisiroApp.swift in Sources */,
				8EAD17122A14D9AD00E0C812 /* MosquitoAPI.swift in Sources */,
				8E529D242A18688000AD5E8C /* MainViewStore.swift in Sources */,
				8E529D302A19DD1300AD5E8C /* LocalData.swift in Sources */,
				8EB99B242A1B08740032C02E /* TipLocal.swift in Sources */,
				8E529D342A1A4F8600AD5E8C /* MosquitoForecast.swift in Sources */,
				8E529D322A19E0C400AD5E8C /* ForecastLocal.swift in Sources */,
			);
			runOnlyForDeploymentPostprocessing = 0;
		};
/* End PBXSourcesBuildPhase section */

/* Begin XCBuildConfiguration section */
		8EAD170C2A14CFCD00E0C812 /* Debug */ = {
			isa = XCBuildConfiguration;
			buildSettings = {
				ALWAYS_SEARCH_USER_PATHS = NO;
				CLANG_ANALYZER_NONNULL = YES;
				CLANG_ANALYZER_NUMBER_OBJECT_CONVERSION = YES_AGGRESSIVE;
				CLANG_CXX_LANGUAGE_STANDARD = "gnu++20";
				CLANG_ENABLE_MODULES = YES;
				CLANG_ENABLE_OBJC_ARC = YES;
				CLANG_ENABLE_OBJC_WEAK = YES;
				CLANG_WARN_BLOCK_CAPTURE_AUTORELEASING = YES;
				CLANG_WARN_BOOL_CONVERSION = YES;
				CLANG_WARN_COMMA = YES;
				CLANG_WARN_CONSTANT_CONVERSION = YES;
				CLANG_WARN_DEPRECATED_OBJC_IMPLEMENTATIONS = YES;
				CLANG_WARN_DIRECT_OBJC_ISA_USAGE = YES_ERROR;
				CLANG_WARN_DOCUMENTATION_COMMENTS = YES;
				CLANG_WARN_EMPTY_BODY = YES;
				CLANG_WARN_ENUM_CONVERSION = YES;
				CLANG_WARN_INFINITE_RECURSION = YES;
				CLANG_WARN_INT_CONVERSION = YES;
				CLANG_WARN_NON_LITERAL_NULL_CONVERSION = YES;
				CLANG_WARN_OBJC_IMPLICIT_RETAIN_SELF = YES;
				CLANG_WARN_OBJC_LITERAL_CONVERSION = YES;
				CLANG_WARN_OBJC_ROOT_CLASS = YES_ERROR;
				CLANG_WARN_QUOTED_INCLUDE_IN_FRAMEWORK_HEADER = YES;
				CLANG_WARN_RANGE_LOOP_ANALYSIS = YES;
				CLANG_WARN_STRICT_PROTOTYPES = YES;
				CLANG_WARN_SUSPICIOUS_MOVE = YES;
				CLANG_WARN_UNGUARDED_AVAILABILITY = YES_AGGRESSIVE;
				CLANG_WARN_UNREACHABLE_CODE = YES;
				CLANG_WARN__DUPLICATE_METHOD_MATCH = YES;
				COPY_PHASE_STRIP = NO;
				DEBUG_INFORMATION_FORMAT = dwarf;
				ENABLE_STRICT_OBJC_MSGSEND = YES;
				ENABLE_TESTABILITY = YES;
				GCC_C_LANGUAGE_STANDARD = gnu11;
				GCC_DYNAMIC_NO_PIC = NO;
				GCC_NO_COMMON_BLOCKS = YES;
				GCC_OPTIMIZATION_LEVEL = 0;
				GCC_PREPROCESSOR_DEFINITIONS = (
					"DEBUG=1",
					"$(inherited)",
				);
				GCC_WARN_64_TO_32_BIT_CONVERSION = YES;
				GCC_WARN_ABOUT_RETURN_TYPE = YES_ERROR;
				GCC_WARN_UNDECLARED_SELECTOR = YES;
				GCC_WARN_UNINITIALIZED_AUTOS = YES_AGGRESSIVE;
				GCC_WARN_UNUSED_FUNCTION = YES;
				GCC_WARN_UNUSED_VARIABLE = YES;
				IPHONEOS_DEPLOYMENT_TARGET = 16.4;
				MTL_ENABLE_DEBUG_INFO = INCLUDE_SOURCE;
				MTL_FAST_MATH = YES;
				ONLY_ACTIVE_ARCH = YES;
				SDKROOT = iphoneos;
				SWIFT_ACTIVE_COMPILATION_CONDITIONS = DEBUG;
				SWIFT_OPTIMIZATION_LEVEL = "-Onone";
			};
			name = Debug;
		};
		8EAD170D2A14CFCD00E0C812 /* Release */ = {
			isa = XCBuildConfiguration;
			buildSettings = {
				ALWAYS_SEARCH_USER_PATHS = NO;
				CLANG_ANALYZER_NONNULL = YES;
				CLANG_ANALYZER_NUMBER_OBJECT_CONVERSION = YES_AGGRESSIVE;
				CLANG_CXX_LANGUAGE_STANDARD = "gnu++20";
				CLANG_ENABLE_MODULES = YES;
				CLANG_ENABLE_OBJC_ARC = YES;
				CLANG_ENABLE_OBJC_WEAK = YES;
				CLANG_WARN_BLOCK_CAPTURE_AUTORELEASING = YES;
				CLANG_WARN_BOOL_CONVERSION = YES;
				CLANG_WARN_COMMA = YES;
				CLANG_WARN_CONSTANT_CONVERSION = YES;
				CLANG_WARN_DEPRECATED_OBJC_IMPLEMENTATIONS = YES;
				CLANG_WARN_DIRECT_OBJC_ISA_USAGE = YES_ERROR;
				CLANG_WARN_DOCUMENTATION_COMMENTS = YES;
				CLANG_WARN_EMPTY_BODY = YES;
				CLANG_WARN_ENUM_CONVERSION = YES;
				CLANG_WARN_INFINITE_RECURSION = YES;
				CLANG_WARN_INT_CONVERSION = YES;
				CLANG_WARN_NON_LITERAL_NULL_CONVERSION = YES;
				CLANG_WARN_OBJC_IMPLICIT_RETAIN_SELF = YES;
				CLANG_WARN_OBJC_LITERAL_CONVERSION = YES;
				CLANG_WARN_OBJC_ROOT_CLASS = YES_ERROR;
				CLANG_WARN_QUOTED_INCLUDE_IN_FRAMEWORK_HEADER = YES;
				CLANG_WARN_RANGE_LOOP_ANALYSIS = YES;
				CLANG_WARN_STRICT_PROTOTYPES = YES;
				CLANG_WARN_SUSPICIOUS_MOVE = YES;
				CLANG_WARN_UNGUARDED_AVAILABILITY = YES_AGGRESSIVE;
				CLANG_WARN_UNREACHABLE_CODE = YES;
				CLANG_WARN__DUPLICATE_METHOD_MATCH = YES;
				COPY_PHASE_STRIP = NO;
				DEBUG_INFORMATION_FORMAT = "dwarf-with-dsym";
				ENABLE_NS_ASSERTIONS = NO;
				ENABLE_STRICT_OBJC_MSGSEND = YES;
				GCC_C_LANGUAGE_STANDARD = gnu11;
				GCC_NO_COMMON_BLOCKS = YES;
				GCC_WARN_64_TO_32_BIT_CONVERSION = YES;
				GCC_WARN_ABOUT_RETURN_TYPE = YES_ERROR;
				GCC_WARN_UNDECLARED_SELECTOR = YES;
				GCC_WARN_UNINITIALIZED_AUTOS = YES_AGGRESSIVE;
				GCC_WARN_UNUSED_FUNCTION = YES;
				GCC_WARN_UNUSED_VARIABLE = YES;
				IPHONEOS_DEPLOYMENT_TARGET = 16.4;
				MTL_ENABLE_DEBUG_INFO = NO;
				MTL_FAST_MATH = YES;
				SDKROOT = iphoneos;
				SWIFT_COMPILATION_MODE = wholemodule;
				SWIFT_OPTIMIZATION_LEVEL = "-O";
				VALIDATE_PRODUCT = YES;
			};
			name = Release;
		};
		8EAD170F2A14CFCD00E0C812 /* Debug */ = {
			isa = XCBuildConfiguration;
			buildSettings = {
				ASSETCATALOG_COMPILER_APPICON_NAME = AppIcon;
				ASSETCATALOG_COMPILER_GLOBAL_ACCENT_COLOR_NAME = AccentColor;
				CODE_SIGN_STYLE = Automatic;
				CURRENT_PROJECT_VERSION = 1;
				DEVELOPMENT_ASSET_PATHS = "\"Mogisiro/Preview Content\"";
				DEVELOPMENT_TEAM = 497P4L97SV;
				ENABLE_PREVIEWS = YES;
				GENERATE_INFOPLIST_FILE = YES;
				INFOPLIST_FILE = Mogisiro/Info.plist;
				INFOPLIST_KEY_UIApplicationSceneManifest_Generation = YES;
				INFOPLIST_KEY_UIApplicationSupportsIndirectInputEvents = YES;
				INFOPLIST_KEY_UILaunchScreen_Generation = YES;
				INFOPLIST_KEY_UISupportedInterfaceOrientations_iPad = "UIInterfaceOrientationPortrait UIInterfaceOrientationPortraitUpsideDown UIInterfaceOrientationLandscapeLeft UIInterfaceOrientationLandscapeRight";
				INFOPLIST_KEY_UISupportedInterfaceOrientations_iPhone = "UIInterfaceOrientationPortrait UIInterfaceOrientationLandscapeLeft UIInterfaceOrientationLandscapeRight";
				LD_RUNPATH_SEARCH_PATHS = (
					"$(inherited)",
					"@executable_path/Frameworks",
				);
				MARKETING_VERSION = 1.0;
				PRODUCT_BUNDLE_IDENTIFIER = com.yeseung.Mogisiro;
				PRODUCT_NAME = "$(TARGET_NAME)";
				SWIFT_EMIT_LOC_STRINGS = YES;
				SWIFT_VERSION = 5.0;
				TARGETED_DEVICE_FAMILY = "1,2";
			};
			name = Debug;
		};
		8EAD17102A14CFCD00E0C812 /* Release */ = {
			isa = XCBuildConfiguration;
			buildSettings = {
				ASSETCATALOG_COMPILER_APPICON_NAME = AppIcon;
				ASSETCATALOG_COMPILER_GLOBAL_ACCENT_COLOR_NAME = AccentColor;
				CODE_SIGN_STYLE = Automatic;
				CURRENT_PROJECT_VERSION = 1;
				DEVELOPMENT_ASSET_PATHS = "\"Mogisiro/Preview Content\"";
				DEVELOPMENT_TEAM = 497P4L97SV;
				ENABLE_PREVIEWS = YES;
				GENERATE_INFOPLIST_FILE = YES;
				INFOPLIST_FILE = Mogisiro/Info.plist;
				INFOPLIST_KEY_UIApplicationSceneManifest_Generation = YES;
				INFOPLIST_KEY_UIApplicationSupportsIndirectInputEvents = YES;
				INFOPLIST_KEY_UILaunchScreen_Generation = YES;
				INFOPLIST_KEY_UISupportedInterfaceOrientations_iPad = "UIInterfaceOrientationPortrait UIInterfaceOrientationPortraitUpsideDown UIInterfaceOrientationLandscapeLeft UIInterfaceOrientationLandscapeRight";
				INFOPLIST_KEY_UISupportedInterfaceOrientations_iPhone = "UIInterfaceOrientationPortrait UIInterfaceOrientationLandscapeLeft UIInterfaceOrientationLandscapeRight";
				LD_RUNPATH_SEARCH_PATHS = (
					"$(inherited)",
					"@executable_path/Frameworks",
				);
				MARKETING_VERSION = 1.0;
				PRODUCT_BUNDLE_IDENTIFIER = com.yeseung.Mogisiro;
				PRODUCT_NAME = "$(TARGET_NAME)";
				SWIFT_EMIT_LOC_STRINGS = YES;
				SWIFT_VERSION = 5.0;
				TARGETED_DEVICE_FAMILY = "1,2";
			};
			name = Release;
		};
/* End XCBuildConfiguration section */

/* Begin XCConfigurationList section */
		8EAD16FB2A14CFCC00E0C812 /* Build configuration list for PBXProject "Mogisiro" */ = {
			isa = XCConfigurationList;
			buildConfigurations = (
				8EAD170C2A14CFCD00E0C812 /* Debug */,
				8EAD170D2A14CFCD00E0C812 /* Release */,
			);
			defaultConfigurationIsVisible = 0;
			defaultConfigurationName = Release;
		};
		8EAD170E2A14CFCD00E0C812 /* Build configuration list for PBXNativeTarget "Mogisiro" */ = {
			isa = XCConfigurationList;
			buildConfigurations = (
				8EAD170F2A14CFCD00E0C812 /* Debug */,
				8EAD17102A14CFCD00E0C812 /* Release */,
			);
			defaultConfigurationIsVisible = 0;
			defaultConfigurationName = Release;
		};
/* End XCConfigurationList section */

/* Begin XCRemoteSwiftPackageReference section */
		8E529D2C2A19D7FD00AD5E8C /* XCRemoteSwiftPackageReference "SwiftyJSON" */ = {
			isa = XCRemoteSwiftPackageReference;
			repositoryURL = "https://github.com/SwiftyJSON/SwiftyJSON";
			requirement = {
				kind = upToNextMajorVersion;
				minimumVersion = 5.0.0;
			};
		};
		8EAD17132A14D9E700E0C812 /* XCRemoteSwiftPackageReference "Moya" */ = {
			isa = XCRemoteSwiftPackageReference;
			repositoryURL = "https://github.com/Moya/Moya";
			requirement = {
				kind = upToNextMajorVersion;
				minimumVersion = 15.0.0;
			};
		};
/* End XCRemoteSwiftPackageReference section */

/* Begin XCSwiftPackageProductDependency section */
		8E529D2D2A19D7FD00AD5E8C /* SwiftyJSON */ = {
			isa = XCSwiftPackageProductDependency;
			package = 8E529D2C2A19D7FD00AD5E8C /* XCRemoteSwiftPackageReference "SwiftyJSON" */;
			productName = SwiftyJSON;
		};
		8EAD17142A14D9E700E0C812 /* CombineMoya */ = {
			isa = XCSwiftPackageProductDependency;
			package = 8EAD17132A14D9E700E0C812 /* XCRemoteSwiftPackageReference "Moya" */;
			productName = CombineMoya;
		};
		8EAD17162A14D9E700E0C812 /* Moya */ = {
			isa = XCSwiftPackageProductDependency;
			package = 8EAD17132A14D9E700E0C812 /* XCRemoteSwiftPackageReference "Moya" */;
			productName = Moya;
		};
/* End XCSwiftPackageProductDependency section */
	};
	rootObject = 8EAD16F82A14CFCC00E0C812 /* Project object */;
}
